
Microsoft Visual Studio Solution File, Format Version 12.00
# Visual Studio 15
VisualStudioVersion = 15.0.26730.15
MinimumVisualStudioVersion = 10.0.40219.1
Project("{FAE04EC0-301F-11D3-BF4B-00C04F79EFBC}") = "laba 9 Integrals on CSharp", "laba 9 Integrals on CSharp\laba 9 Integrals on CSharp.csproj", "{BA8B1F7E-BA84-43E9-82BA-B02FDE2386BA}"
EndProject
Global
	GlobalSection(SolutionConfigurationPlatforms) = preSolution
		Debug|Any CPU = Debug|Any CPU
		Release|Any CPU = Release|Any CPU
	EndGlobalSection
	GlobalSection(ProjectConfigurationPlatforms) = postSolution
		{BA8B1F7E-BA84-43E9-82BA-B02FDE2386BA}.Debug|Any CPU.ActiveCfg = Debug|Any CPU
		{BA8B1F7E-BA84-43E9-82BA-B02FDE2386BA}.Debug|Any CPU.Build.0 = Debug|Any CPU
		{BA8B1F7E-BA84-43E9-82BA-B02FDE2386BA}.Release|Any CPU.ActiveCfg = Release|Any CPU
		{BA8B1F7E-BA84-43E9-82BA-B02FDE2386BA}.Release|Any CPU.Build.0 = Release|Any CPU
	EndGlobalSection
	GlobalSection(SolutionProperties) = preSolution
		HideSolutionNode = FALSE
	EndGlobalSection
	GlobalSection(ExtensibilityGlobals) = postSolution
		SolutionGuid = {BB5625D7-03C2-4EB6-A5B3-6D8FFB07989F}
	EndGlobalSection
EndGlobal
